
Microsoft Visual Studio Solution File, Format Version 12.00
# Visual Studio Version 17
VisualStudioVersion = 17.13.35828.75 d17.13
MinimumVisualStudioVersion = 10.0.40219.1
Project("{FAE04EC0-301F-11D3-BF4B-00C04F79EFBC}") = "DeteccionInquilinos.Share", "DeteccionInquilinos.Share\DeteccionInquilinos.Share.csproj", "{18CDEAFC-D2F3-49C3-BCC8-3BEE24C4CD12}"
EndProject
Project("{FAE04EC0-301F-11D3-BF4B-00C04F79EFBC}") = "DeteccionInquilinos.Server", "DeteccionInquilinos.Server\DeteccionInquilinos.Server.csproj", "{37E77B48-62AE-40C9-98BF-05E1CC87C846}"
EndProject
Global
	GlobalSection(SolutionConfigurationPlatforms) = preSolution
		Debug|Any CPU = Debug|Any CPU
		Release|Any CPU = Release|Any CPU
	EndGlobalSection
	GlobalSection(ProjectConfigurationPlatforms) = postSolution
		{18CDEAFC-D2F3-49C3-BCC8-3BEE24C4CD12}.Debug|Any CPU.ActiveCfg = Debug|Any CPU
		{18CDEAFC-D2F3-49C3-BCC8-3BEE24C4CD12}.Debug|Any CPU.Build.0 = Debug|Any CPU
		{18CDEAFC-D2F3-49C3-BCC8-3BEE24C4CD12}.Release|Any CPU.ActiveCfg = Release|Any CPU
		{18CDEAFC-D2F3-49C3-BCC8-3BEE24C4CD12}.Release|Any CPU.Build.0 = Release|Any CPU
		{37E77B48-62AE-40C9-98BF-05E1CC87C846}.Debug|Any CPU.ActiveCfg = Debug|Any CPU
		{37E77B48-62AE-40C9-98BF-05E1CC87C846}.Debug|Any CPU.Build.0 = Debug|Any CPU
		{37E77B48-62AE-40C9-98BF-05E1CC87C846}.Release|Any CPU.ActiveCfg = Release|Any CPU
		{37E77B48-62AE-40C9-98BF-05E1CC87C846}.Release|Any CPU.Build.0 = Release|Any CPU
	EndGlobalSection
	GlobalSection(SolutionProperties) = preSolution
		HideSolutionNode = FALSE
	EndGlobalSection
	GlobalSection(ExtensibilityGlobals) = postSolution
		SolutionGuid = {BFA3A68E-1EA2-43C8-A577-95493E6D5C72}
	EndGlobalSection
EndGlobal
